
Microsoft Visual Studio Solution File, Format Version 12.00
# Visual Studio 15
VisualStudioVersion = 15.0.27703.2035
MinimumVisualStudioVersion = 10.0.40219.1
Project("{FAE04EC0-301F-11D3-BF4B-00C04F79EFBC}") = "Task01", "Task01\Task01.csproj", "{3AB053B1-3188-4AE6-BBB9-F8D7227162B0}"
EndProject
Global
	GlobalSection(SolutionConfigurationPlatforms) = preSolution
		Debug|Any CPU = Debug|Any CPU
		Release|Any CPU = Release|Any CPU
	EndGlobalSection
	GlobalSection(ProjectConfigurationPlatforms) = postSolution
		{3AB053B1-3188-4AE6-BBB9-F8D7227162B0}.Debug|Any CPU.ActiveCfg = Debug|Any CPU
		{3AB053B1-3188-4AE6-BBB9-F8D7227162B0}.Debug|Any CPU.Build.0 = Debug|Any CPU
		{3AB053B1-3188-4AE6-BBB9-F8D7227162B0}.Release|Any CPU.ActiveCfg = Release|Any CPU
		{3AB053B1-3188-4AE6-BBB9-F8D7227162B0}.Release|Any CPU.Build.0 = Release|Any CPU
	EndGlobalSection
	GlobalSection(SolutionProperties) = preSolution
		HideSolutionNode = FALSE
	EndGlobalSection
	GlobalSection(ExtensibilityGlobals) = postSolution
		SolutionGuid = {44C53005-4944-49F9-87B3-467CBDC0EE81}
	EndGlobalSection
EndGlobal
